
Microsoft Visual Studio Solution File, Format Version 12.00
# Visual Studio Version 17
VisualStudioVersion = 17.8.34330.188
MinimumVisualStudioVersion = 10.0.40219.1
Project("{FAE04EC0-301F-11D3-BF4B-00C04F79EFBC}") = "Lab", "Lab\Lab.csproj", "{9853D2C0-CE2D-49AD-9393-601335E293BD}"
EndProject
Global
	GlobalSection(SolutionConfigurationPlatforms) = preSolution
		Debug|Any CPU = Debug|Any CPU
		Release|Any CPU = Release|Any CPU
	EndGlobalSection
	GlobalSection(ProjectConfigurationPlatforms) = postSolution
		{9853D2C0-CE2D-49AD-9393-601335E293BD}.Debug|Any CPU.ActiveCfg = Debug|Any CPU
		{9853D2C0-CE2D-49AD-9393-601335E293BD}.Debug|Any CPU.Build.0 = Debug|Any CPU
		{9853D2C0-CE2D-49AD-9393-601335E293BD}.Release|Any CPU.ActiveCfg = Release|Any CPU
		{9853D2C0-CE2D-49AD-9393-601335E293BD}.Release|Any CPU.Build.0 = Release|Any CPU
	EndGlobalSection
	GlobalSection(SolutionProperties) = preSolution
		HideSolutionNode = FALSE
	EndGlobalSection
	GlobalSection(ExtensibilityGlobals) = postSolution
		SolutionGuid = {ABD92036-A901-41D4-B17C-DF553B8B7850}
	EndGlobalSection
EndGlobal
